<?xml version="1.0" encoding="utf-8"?>
<Project ToolsVersion="4.0" xmlns="http://schemas.microsoft.com/developer/msbuild/2003">
  <ItemGroup>
    <Filter Include="Source Files">
      <UniqueIdentifier>{4FC737F1-C7A5-4376-A066-2A32D752A2FF}</UniqueIdentifier>
      <Extensions>cpp;c;cc;cxx;def;odl;idl;hpj;bat;asm;asmx</Extensions>
    </Filter>
    <Filter Include="Header Files">
      <UniqueIdentifier>{93995380-89BD-4b04-88EB-625FBE52EBFB}</UniqueIdentifier>
      <Extensions>h;hh;hpp;hxx;hm;inl;inc;xsd</Extensions>
    </Filter>
    <Filter Include="Resource Files">
      <UniqueIdentifier>{67DA6AB6-F800-4c08-8B7A-83BB121AAD01}</UniqueIdentifier>
      <Extensions>rc;ico;cur;bmp;dlg;rc2;rct;bin;rgs;gif;jpg;jpeg;jpe;resx;tiff;tif;png;wav</Extensions>
    </Filter>
  </ItemGroup>
  <ItemGroup>
    <ClCompile Include="out\build\x64-debug\cmakefiles\3.26.0-msvc3\compileridc\CMakeCCompilerId.c">
      <Filter>Source Files</Filter>
    </ClCompile>
    <ClCompile Include="out\build\x64-debug\cmakefiles\3.26.0-msvc3\compileridcxx\CMakeCXXCompilerId.cpp">
      <Filter>Source Files</Filter>
    </ClCompile>
    <ClCompile Include="out\build\x64-debug\cmakefiles\showincludes\main.c">
      <Filter>Source Files</Filter>
    </ClCompile>
    <ClCompile Include="pvz\src\main.cpp">
      <Filter>Source Files</Filter>
    </ClCompile>
    <ClCompile Include="pvz\src\framework\GameManager.cpp">
      <Filter>Source Files</Filter>
    </ClCompile>
    <ClCompile Include="pvz\src\framework\ObjectBase.cpp">
      <Filter>Source Files</Filter>
    </ClCompile>
    <ClCompile Include="pvz\src\framework\SpriteManager.cpp">
      <Filter>Source Files</Filter>
    </ClCompile>
    <ClCompile Include="pvz\src\framework\WorldBase.cpp">
      <Filter>Source Files</Filter>
    </ClCompile>
    <ClCompile Include="pvz\src\gameobject\GameObject.cpp">
      <Filter>Source Files</Filter>
    </ClCompile>
    <ClCompile Include="pvz\src\gameworld\GameWorld.cpp">
      <Filter>Source Files</Filter>
    </ClCompile>
    <ClCompile Include="src\main.cpp">
      <Filter>Source Files</Filter>
    </ClCompile>
    <ClCompile Include="src\framework\GameManager.cpp">
      <Filter>Source Files</Filter>
    </ClCompile>
    <ClCompile Include="src\framework\ObjectBase.cpp">
      <Filter>Source Files</Filter>
    </ClCompile>
    <ClCompile Include="src\framework\SpriteManager.cpp">
      <Filter>Source Files</Filter>
    </ClCompile>
    <ClCompile Include="src\framework\WorldBase.cpp">
      <Filter>Source Files</Filter>
    </ClCompile>
    <ClCompile Include="src\gameobject\GameObject.cpp">
      <Filter>Source Files</Filter>
    </ClCompile>
    <ClCompile Include="src\gameworld\GameWorld.cpp">
      <Filter>Source Files</Filter>
    </ClCompile>
    <ClCompile Include="third_party\freeglut\src\fg_callbacks.c">
      <Filter>Source Files</Filter>
    </ClCompile>
    <ClCompile Include="third_party\freeglut\src\fg_cursor.c">
      <Filter>Source Files</Filter>
    </ClCompile>
    <ClCompile Include="third_party\freeglut\src\fg_display.c">
      <Filter>Source Files</Filter>
    </ClCompile>
    <ClCompile Include="third_party\freeglut\src\fg_ext.c">
      <Filter>Source Files</Filter>
    </ClCompile>
    <ClCompile Include="third_party\freeglut\src\fg_font.c">
      <Filter>Source Files</Filter>
    </ClCompile>
    <ClCompile Include="third_party\freeglut\src\fg_font_data.c">
      <Filter>Source Files</Filter>
    </ClCompile>
    <ClCompile Include="third_party\freeglut\src\fg_gamemode.c">
      <Filter>Source Files</Filter>
    </ClCompile>
    <ClCompile Include="third_party\freeglut\src\fg_geometry.c">
      <Filter>Source Files</Filter>
    </ClCompile>
    <ClCompile Include="third_party\freeglut\src\fg_gl2.c">
      <Filter>Source Files</Filter>
    </ClCompile>
    <ClCompile Include="third_party\freeglut\src\fg_init.c">
      <Filter>Source Files</Filter>
    </ClCompile>
    <ClCompile Include="third_party\freeglut\src\fg_input_devices.c">
      <Filter>Source Files</Filter>
    </ClCompile>
    <ClCompile Include="third_party\freeglut\src\fg_joystick.c">
      <Filter>Source Files</Filter>
    </ClCompile>
    <ClCompile Include="third_party\freeglut\src\fg_main.c">
      <Filter>Source Files</Filter>
    </ClCompile>
    <ClCompile Include="third_party\freeglut\src\fg_menu.c">
      <Filter>Source Files</Filter>
    </ClCompile>
    <ClCompile Include="third_party\freeglut\src\fg_misc.c">
      <Filter>Source Files</Filter>
    </ClCompile>
    <ClCompile Include="third_party\freeglut\src\fg_overlay.c">
      <Filter>Source Files</Filter>
    </ClCompile>
    <ClCompile Include="third_party\freeglut\src\fg_spaceball.c">
      <Filter>Source Files</Filter>
    </ClCompile>
    <ClCompile Include="third_party\freeglut\src\fg_state.c">
      <Filter>Source Files</Filter>
    </ClCompile>
    <ClCompile Include="third_party\freeglut\src\fg_stroke_mono_roman.c">
      <Filter>Source Files</Filter>
    </ClCompile>
    <ClCompile Include="third_party\freeglut\src\fg_stroke_roman.c">
      <Filter>Source Files</Filter>
    </ClCompile>
    <ClCompile Include="third_party\freeglut\src\fg_structure.c">
      <Filter>Source Files</Filter>
    </ClCompile>
    <ClCompile Include="third_party\freeglut\src\fg_teapot.c">
      <Filter>Source Files</Filter>
    </ClCompile>
    <ClCompile Include="third_party\freeglut\src\fg_videoresize.c">
      <Filter>Source Files</Filter>
    </ClCompile>
    <ClCompile Include="third_party\freeglut\src\fg_window.c">
      <Filter>Source Files</Filter>
    </ClCompile>
    <ClCompile Include="third_party\freeglut\src\gles_stubs.c">
      <Filter>Source Files</Filter>
    </ClCompile>
    <ClCompile Include="third_party\freeglut\src\android\fg_cursor_android.c">
      <Filter>Source Files</Filter>
    </ClCompile>
    <ClCompile Include="third_party\freeglut\src\android\fg_ext_android.c">
      <Filter>Source Files</Filter>
    </ClCompile>
    <ClCompile Include="third_party\freeglut\src\android\fg_gamemode_android.c">
      <Filter>Source Files</Filter>
    </ClCompile>
    <ClCompile Include="third_party\freeglut\src\android\fg_init_android.c">
      <Filter>Source Files</Filter>
    </ClCompile>
    <ClCompile Include="third_party\freeglut\src\android\fg_input_devices_android.c">
      <Filter>Source Files</Filter>
    </ClCompile>
    <ClCompile Include="third_party\freeglut\src\android\fg_joystick_android.c">
      <Filter>Source Files</Filter>
    </ClCompile>
    <ClCompile Include="third_party\freeglut\src\android\fg_main_android.c">
      <Filter>Source Files</Filter>
    </ClCompile>
    <ClCompile Include="third_party\freeglut\src\android\fg_runtime_android.c">
      <Filter>Source Files</Filter>
    </ClCompile>
    <ClCompile Include="third_party\freeglut\src\android\fg_spaceball_android.c">
      <Filter>Source Files</Filter>
    </ClCompile>
    <ClCompile Include="third_party\freeglut\src\android\fg_state_android.c">
      <Filter>Source Files</Filter>
    </ClCompile>
    <ClCompile Include="third_party\freeglut\src\android\fg_structure_android.c">
      <Filter>Source Files</Filter>
    </ClCompile>
    <ClCompile Include="third_party\freeglut\src\android\fg_window_android.c">
      <Filter>Source Files</Filter>
    </ClCompile>
    <ClCompile Include="third_party\freeglut\src\android\native_app_glue\android_native_app_glue.c">
      <Filter>Source Files</Filter>
    </ClCompile>
    <ClCompile Include="third_party\freeglut\src\blackberry\fg_init_blackberry.c">
      <Filter>Source Files</Filter>
    </ClCompile>
    <ClCompile Include="third_party\freeglut\src\blackberry\fg_main_blackberry.c">
      <Filter>Source Files</Filter>
    </ClCompile>
    <ClCompile Include="third_party\freeglut\src\blackberry\fg_state_blackberry.c">
      <Filter>Source Files</Filter>
    </ClCompile>
    <ClCompile Include="third_party\freeglut\src\blackberry\fg_structure_blackberry.c">
      <Filter>Source Files</Filter>
    </ClCompile>
    <ClCompile Include="third_party\freeglut\src\blackberry\fg_window_blackberry.c">
      <Filter>Source Files</Filter>
    </ClCompile>
    <ClCompile Include="third_party\freeglut\src\egl\fg_display_egl.c">
      <Filter>Source Files</Filter>
    </ClCompile>
    <ClCompile Include="third_party\freeglut\src\egl\fg_ext_egl.c">
      <Filter>Source Files</Filter>
    </ClCompile>
    <ClCompile Include="third_party\freeglut\src\egl\fg_init_egl.c">
      <Filter>Source Files</Filter>
    </ClCompile>
    <ClCompile Include="third_party\freeglut\src\egl\fg_state_egl.c">
      <Filter>Source Files</Filter>
    </ClCompile>
    <ClCompile Include="third_party\freeglut\src\egl\fg_structure_egl.c">
      <Filter>Source Files</Filter>
    </ClCompile>
    <ClCompile Include="third_party\freeglut\src\egl\fg_window_egl.c">
      <Filter>Source Files</Filter>
    </ClCompile>
    <ClCompile Include="third_party\freeglut\src\mswin\fg_cursor_mswin.c">
      <Filter>Source Files</Filter>
    </ClCompile>
    <ClCompile Include="third_party\freeglut\src\mswin\fg_display_mswin.c">
      <Filter>Source Files</Filter>
    </ClCompile>
    <ClCompile Include="third_party\freeglut\src\mswin\fg_ext_mswin.c">
      <Filter>Source Files</Filter>
    </ClCompile>
    <ClCompile Include="third_party\freeglut\src\mswin\fg_gamemode_mswin.c">
      <Filter>Source Files</Filter>
    </ClCompile>
    <ClCompile Include="third_party\freeglut\src\mswin\fg_init_mswin.c">
      <Filter>Source Files</Filter>
    </ClCompile>
    <ClCompile Include="third_party\freeglut\src\mswin\fg_input_devices_mswin.c">
      <Filter>Source Files</Filter>
    </ClCompile>
    <ClCompile Include="third_party\freeglut\src\mswin\fg_joystick_mswin.c">
      <Filter>Source Files</Filter>
    </ClCompile>
    <ClCompile Include="third_party\freeglut\src\mswin\fg_main_mswin.c">
      <Filter>Source Files</Filter>
    </ClCompile>
    <ClCompile Include="third_party\freeglut\src\mswin\fg_menu_mswin.c">
      <Filter>Source Files</Filter>
    </ClCompile>
    <ClCompile Include="third_party\freeglut\src\mswin\fg_spaceball_mswin.c">
      <Filter>Source Files</Filter>
    </ClCompile>
    <ClCompile Include="third_party\freeglut\src\mswin\fg_state_mswin.c">
      <Filter>Source Files</Filter>
    </ClCompile>
    <ClCompile Include="third_party\freeglut\src\mswin\fg_structure_mswin.c">
      <Filter>Source Files</Filter>
    </ClCompile>
    <ClCompile Include="third_party\freeglut\src\mswin\fg_window_mswin.c">
      <Filter>Source Files</Filter>
    </ClCompile>
    <ClCompile Include="third_party\freeglut\src\util\xparsegeometry_repl.c">
      <Filter>Source Files</Filter>
    </ClCompile>
    <ClCompile Include="third_party\freeglut\src\wayland\fg_cursor_wl.c">
      <Filter>Source Files</Filter>
    </ClCompile>
    <ClCompile Include="third_party\freeglut\src\wayland\fg_ext_wl.c">
      <Filter>Source Files</Filter>
    </ClCompile>
    <ClCompile Include="third_party\freeglut\src\wayland\fg_gamemode_wl.c">
      <Filter>Source Files</Filter>
    </ClCompile>
    <ClCompile Include="third_party\freeglut\src\wayland\fg_init_wl.c">
      <Filter>Source Files</Filter>
    </ClCompile>
    <ClCompile Include="third_party\freeglut\src\wayland\fg_input_devices_wl.c">
      <Filter>Source Files</Filter>
    </ClCompile>
    <ClCompile Include="third_party\freeglut\src\wayland\fg_main_wl.c">
      <Filter>Source Files</Filter>
    </ClCompile>
    <ClCompile Include="third_party\freeglut\src\wayland\fg_state_wl.c">
      <Filter>Source Files</Filter>
    </ClCompile>
    <ClCompile Include="third_party\freeglut\src\wayland\fg_structure_wl.c">
      <Filter>Source Files</Filter>
    </ClCompile>
    <ClCompile Include="third_party\freeglut\src\wayland\fg_window_wl.c">
      <Filter>Source Files</Filter>
    </ClCompile>
    <ClCompile Include="third_party\freeglut\src\x11\fg_cursor_x11.c">
      <Filter>Source Files</Filter>
    </ClCompile>
    <ClCompile Include="third_party\freeglut\src\x11\fg_display_x11_glx.c">
      <Filter>Source Files</Filter>
    </ClCompile>
    <ClCompile Include="third_party\freeglut\src\x11\fg_ext_x11.c">
      <Filter>Source Files</Filter>
    </ClCompile>
    <ClCompile Include="third_party\freeglut\src\x11\fg_gamemode_x11.c">
      <Filter>Source Files</Filter>
    </ClCompile>
    <ClCompile Include="third_party\freeglut\src\x11\fg_glutfont_definitions_x11.c">
      <Filter>Source Files</Filter>
    </ClCompile>
    <ClCompile Include="third_party\freeglut\src\x11\fg_init_x11.c">
      <Filter>Source Files</Filter>
    </ClCompile>
    <ClCompile Include="third_party\freeglut\src\x11\fg_input_devices_x11.c">
      <Filter>Source Files</Filter>
    </ClCompile>
    <ClCompile Include="third_party\freeglut\src\x11\fg_joystick_x11.c">
      <Filter>Source Files</Filter>
    </ClCompile>
    <ClCompile Include="third_party\freeglut\src\x11\fg_main_x11.c">
      <Filter>Source Files</Filter>
    </ClCompile>
    <ClCompile Include="third_party\freeglut\src\x11\fg_menu_x11.c">
      <Filter>Source Files</Filter>
    </ClCompile>
    <ClCompile Include="third_party\freeglut\src\x11\fg_spaceball_x11.c">
      <Filter>Source Files</Filter>
    </ClCompile>
    <ClCompile Include="third_party\freeglut\src\x11\fg_state_x11.c">
      <Filter>Source Files</Filter>
    </ClCompile>
    <ClCompile Include="third_party\freeglut\src\x11\fg_state_x11_glx.c">
      <Filter>Source Files</Filter>
    </ClCompile>
    <ClCompile Include="third_party\freeglut\src\x11\fg_structure_x11.c">
      <Filter>Source Files</Filter>
    </ClCompile>
    <ClCompile Include="third_party\freeglut\src\x11\fg_window_x11.c">
      <Filter>Source Files</Filter>
    </ClCompile>
    <ClCompile Include="third_party\freeglut\src\x11\fg_window_x11_glx.c">
      <Filter>Source Files</Filter>
    </ClCompile>
    <ClCompile Include="third_party\freeglut\src\x11\fg_xinput_x11.c">
      <Filter>Source Files</Filter>
    </ClCompile>
    <ClCompile Include="third_party\soil\src\image_dxt.c">
      <Filter>Source Files</Filter>
    </ClCompile>
    <ClCompile Include="third_party\soil\src\image_helper.c">
      <Filter>Source Files</Filter>
    </ClCompile>
    <ClCompile Include="third_party\soil\src\soil.c">
      <Filter>Source Files</Filter>
    </ClCompile>
    <ClCompile Include="third_party\soil\src\stb_image_aug.c">
      <Filter>Source Files</Filter>
    </ClCompile>
    <ClCompile Include="third_party\soil\src\original\stb_image-1.09.c">
      <Filter>Source Files</Filter>
    </ClCompile>
    <ClCompile Include="third_party\soil\src\original\stb_image-1.16.c">
      <Filter>Source Files</Filter>
    </ClCompile>
  </ItemGroup>
  <ItemGroup>
    <ClInclude Include="out\build\x64-debug\config.h">
      <Filter>Header Files</Filter>
    </ClInclude>
    <ClInclude Include="out\build\x64-debug\cmakefiles\showincludes\foo.h">
      <Filter>Header Files</Filter>
    </ClInclude>
    <ClInclude Include="out\build\x64-debug\freeglut\src\fg_version.h">
      <Filter>Header Files</Filter>
    </ClInclude>
    <ClInclude Include="pvz\src\utils.hpp">
      <Filter>Header Files</Filter>
    </ClInclude>
    <ClInclude Include="pvz\src\framework\GameManager.hpp">
      <Filter>Header Files</Filter>
    </ClInclude>
    <ClInclude Include="pvz\src\framework\ObjectBase.hpp">
      <Filter>Header Files</Filter>
    </ClInclude>
    <ClInclude Include="pvz\src\framework\SpriteManager.hpp">
      <Filter>Header Files</Filter>
    </ClInclude>
    <ClInclude Include="pvz\src\framework\WorldBase.hpp">
      <Filter>Header Files</Filter>
    </ClInclude>
    <ClInclude Include="pvz\src\gameobject\GameObject.hpp">
      <Filter>Header Files</Filter>
    </ClInclude>
    <ClInclude Include="pvz\src\gameworld\GameWorld.hpp">
      <Filter>Header Files</Filter>
    </ClInclude>
    <ClInclude Include="src\utils.hpp">
      <Filter>Header Files</Filter>
    </ClInclude>
    <ClInclude Include="src\framework\GameManager.hpp">
      <Filter>Header Files</Filter>
    </ClInclude>
    <ClInclude Include="src\framework\ObjectBase.hpp">
      <Filter>Header Files</Filter>
    </ClInclude>
    <ClInclude Include="src\framework\SpriteManager.hpp">
      <Filter>Header Files</Filter>
    </ClInclude>
    <ClInclude Include="src\framework\WorldBase.hpp">
      <Filter>Header Files</Filter>
    </ClInclude>
    <ClInclude Include="src\gameobject\GameObject.hpp">
      <Filter>Header Files</Filter>
    </ClInclude>
    <ClInclude Include="src\gameworld\GameWorld.hpp">
      <Filter>Header Files</Filter>
    </ClInclude>
    <ClInclude Include="third_party\freeglut\include\gl\freeglut.h">
      <Filter>Header Files</Filter>
    </ClInclude>
    <ClInclude Include="third_party\freeglut\include\gl\freeglut_ext.h">
      <Filter>Header Files</Filter>
    </ClInclude>
    <ClInclude Include="third_party\freeglut\include\gl\freeglut_std.h">
      <Filter>Header Files</Filter>
    </ClInclude>
    <ClInclude Include="third_party\freeglut\include\gl\freeglut_ucall.h">
      <Filter>Header Files</Filter>
    </ClInclude>
    <ClInclude Include="third_party\freeglut\include\gl\glut.h">
      <Filter>Header Files</Filter>
    </ClInclude>
    <ClInclude Include="third_party\freeglut\src\fg_callback_macros.h">
      <Filter>Header Files</Filter>
    </ClInclude>
    <ClInclude Include="third_party\freeglut\src\fg_gl2.h">
      <Filter>Header Files</Filter>
    </ClInclude>
    <ClInclude Include="third_party\freeglut\src\fg_init.h">
      <Filter>Header Files</Filter>
    </ClInclude>
    <ClInclude Include="third_party\freeglut\src\fg_internal.h">
      <Filter>Header Files</Filter>
    </ClInclude>
    <ClInclude Include="third_party\freeglut\src\fg_teapot_data.h">
      <Filter>Header Files</Filter>
    </ClInclude>
    <ClInclude Include="third_party\freeglut\src\fg_version.h">
      <Filter>Header Files</Filter>
    </ClInclude>
    <ClInclude Include="third_party\freeglut\src\android\fg_internal_android.h">
      <Filter>Header Files</Filter>
    </ClInclude>
    <ClInclude Include="third_party\freeglut\src\android\fg_main_android.h">
      <Filter>Header Files</Filter>
    </ClInclude>
    <ClInclude Include="third_party\freeglut\src\android\native_app_glue\android_native_app_glue.h">
      <Filter>Header Files</Filter>
    </ClInclude>
    <ClInclude Include="third_party\freeglut\src\blackberry\fg_internal_blackberry.h">
      <Filter>Header Files</Filter>
    </ClInclude>
    <ClInclude Include="third_party\freeglut\src\egl\fg_init_egl.h">
      <Filter>Header Files</Filter>
    </ClInclude>
    <ClInclude Include="third_party\freeglut\src\egl\fg_internal_egl.h">
      <Filter>Header Files</Filter>
    </ClInclude>
    <ClInclude Include="third_party\freeglut\src\egl\fg_state_egl.h">
      <Filter>Header Files</Filter>
    </ClInclude>
    <ClInclude Include="third_party\freeglut\src\egl\fg_structure_egl.h">
      <Filter>Header Files</Filter>
    </ClInclude>
    <ClInclude Include="third_party\freeglut\src\egl\fg_window_egl.h">
      <Filter>Header Files</Filter>
    </ClInclude>
    <ClInclude Include="third_party\freeglut\src\mswin\fg_internal_mswin.h">
      <Filter>Header Files</Filter>
    </ClInclude>
    <ClInclude Include="third_party\freeglut\src\util\xparsegeometry_repl.h">
      <Filter>Header Files</Filter>
    </ClInclude>
    <ClInclude Include="third_party\freeglut\src\wayland\fg_internal_wl.h">
      <Filter>Header Files</Filter>
    </ClInclude>
    <ClInclude Include="third_party\freeglut\src\x11\fg_internal_x11.h">
      <Filter>Header Files</Filter>
    </ClInclude>
    <ClInclude Include="third_party\freeglut\src\x11\fg_internal_x11_glx.h">
      <Filter>Header Files</Filter>
    </ClInclude>
    <ClInclude Include="third_party\freeglut\src\x11\fg_state_x11_glx.h">
      <Filter>Header Files</Filter>
    </ClInclude>
    <ClInclude Include="third_party\freeglut\src\x11\fg_window_x11_glx.h">
      <Filter>Header Files</Filter>
    </ClInclude>
    <ClInclude Include="third_party\soil\include\soil\image_dxt.h">
      <Filter>Header Files</Filter>
    </ClInclude>
    <ClInclude Include="third_party\soil\include\soil\image_helper.h">
      <Filter>Header Files</Filter>
    </ClInclude>
    <ClInclude Include="third_party\soil\include\soil\SOIL.h">
      <Filter>Header Files</Filter>
    </ClInclude>
    <ClInclude Include="third_party\soil\include\soil\stbi_dds_aug.h">
      <Filter>Header Files</Filter>
    </ClInclude>
    <ClInclude Include="third_party\soil\include\soil\stbi_dds_aug_c.h">
      <Filter>Header Files</Filter>
    </ClInclude>
    <ClInclude Include="third_party\soil\include\soil\stb_image_aug.h">
      <Filter>Header Files</Filter>
    </ClInclude>
  </ItemGroup>
  <ItemGroup>
    <ResourceCompile Include="out\build\x64-debug\freeglut.rc">
      <Filter>Resource Files</Filter>
    </ResourceCompile>
    <ResourceCompile Include="out\build\x64-debug\cmakefiles\pvz.dir\manifest.rc">
      <Filter>Resource Files</Filter>
    </ResourceCompile>
    <ResourceCompile Include="out\build\x64-debug\freeglut\cmakefiles\freeglut.dir\manifest.rc">
      <Filter>Resource Files</Filter>
    </ResourceCompile>
  </ItemGroup>
  <ItemGroup>
    <None Include="out\build\x64-debug\cmakefiles\3.26.0-msvc3\CMakeDetermineCompilerABI_C.bin">
      <Filter>Resource Files</Filter>
    </None>
    <None Include="out\build\x64-debug\cmakefiles\3.26.0-msvc3\CMakeDetermineCompilerABI_CXX.bin">
      <Filter>Resource Files</Filter>
    </None>
  </ItemGroup>
</Project>